{
  "version": "5",
  "redirects": {
    "https://esm.sh/@supabase/supabase-js@2": "https://esm.sh/@supabase/supabase-js@2.104.1"
  },
  "remote": {
    "https://esm.sh/@supabase/supabase-js@2.104.1": "bad73bfa9aac8a6d896e7a1d4449c7c2ece9a01bccca9e9569f1ed0fc76b5222"
  },
  "workspace": {
    "packageJson": {
      "dependencies": [
        "npm:@eslint/js@^9.32.0",
        "npm:@radix-ui/react-label@^2.1.7",
        "npm:@radix-ui/react-scroll-area@^1.2.9",
        "npm:@radix-ui/react-slot@^1.2.3",
        "npm:@radix-ui/react-tooltip@^1.2.7",
        "npm:@supabase/supabase-js@^2.103.0",
        "npm:@tanstack/query-core@^5.100.1",
        "npm:@tanstack/react-query@^5.83.0",
        "npm:@testing-library/jest-dom@^6.6.0",
        "npm:@types/node@^22.16.5",
        "npm:@types/react-dom@^18.3.7",
        "npm:@types/react@^18.3.23",
        "npm:@vitejs/plugin-react-swc@^3.11.0",
        "npm:autoprefixer@^10.4.21",
        "npm:class-variance-authority@~0.7.1",
        "npm:clsx@^2.1.1",
        "npm:eslint-plugin-react-hooks@^5.2.0",
        "npm:eslint-plugin-react-refresh@~0.4.20",
        "npm:eslint@^9.32.0",
        "npm:globals@^15.15.0",
        "npm:jsdom@^20.0.3",
        "npm:lovable-tagger@^1.1.13",
        "npm:lucide-react@0.462",
        "npm:next-themes@0.3",
        "npm:postcss@^8.5.6",
        "npm:react-dom@^18.3.1",
        "npm:react-router-dom@^6.30.1",
        "npm:react@^18.3.1",
        "npm:sonner@^1.7.4",
        "npm:tailwind-merge@^2.6.0",
        "npm:tailwindcss-animate@^1.0.7",
        "npm:tailwindcss@^3.4.17",
        "npm:typescript-eslint@^8.38.0",
        "npm:typescript@^5.8.3",
        "npm:vite@^5.4.19",
        "npm:vitest@^3.2.4",
        "npm:zod@^3.25.76"
      ]
    }
  }
}
